
Microsoft Visual Studio Solution File, Format Version 12.00
# Visual Studio 14
VisualStudioVersion = 14.0.25420.1
MinimumVisualStudioVersion = 10.0.40219.1
Project("{8BC9CEB8-8B4A-11D0-8D11-00A0C91BC942}") = "Parallel-And-Distributed-Software", "Parallel-And-Distributed-Software\Parallel-And-Distributed-Software.vcxproj", "{371300A0-A2FA-487F-8DC4-6BED85E35827}"
EndProject
Project("{8BC9CEB8-8B4A-11D0-8D11-00A0C91BC942}") = "sk-lab2", "sk-lab2\sk-lab2.vcxproj", "{56481260-A51C-4603-B6FA-BE6AD32A235E}"
EndProject
Project("{8BC9CEB8-8B4A-11D0-8D11-00A0C91BC942}") = "AVertyankin-Lab1", "AVertyankin-Lab1\AVertyankin-Lab1.vcxproj", "{1296912A-3183-4422-A70A-23C61D119368}"
EndProject
Project("{8BC9CEB8-8B4A-11D0-8D11-00A0C91BC942}") = "SMuravev-Lab1", "SMuravev-Lab1\SMuravev-Lab1.vcxproj", "{19101461-26B3-47AF-BF85-41B4BD36CFB7}"
EndProject
Project("{8BC9CEB8-8B4A-11D0-8D11-00A0C91BC942}") = "Avertyankin-Lab2", "Avertyankin-Lab2\Avertyankin-Lab2.vcxproj", "{2C16613E-3DAD-40A9-A61C-787F6CDDAC33}"
EndProject
Project("{8BC9CEB8-8B4A-11D0-8D11-00A0C91BC942}") = "SMuravev-Lab2", "SMuravev-Lab2\SMuravev-Lab2.vcxproj", "{C976DDE3-DB13-43F7-96BB-AE3AFD684232}"
EndProject
Project("{8BC9CEB8-8B4A-11D0-8D11-00A0C91BC942}") = "Avertyankin-Lab3", "Avertyankin-Lab3\Avertyankin-Lab3.vcxproj", "{D93273A6-88B4-4F93-B8A7-E60C17D6CCBB}"
EndProject
Project("{8BC9CEB8-8B4A-11D0-8D11-00A0C91BC942}") = "Smuravev-Lab3", "Smuravev-Lab3\Smuravev-Lab3.vcxproj", "{E3A4A7FF-4511-477B-A4D9-8EA9AF0E284D}"
EndProject
Project("{8BC9CEB8-8B4A-11D0-8D11-00A0C91BC942}") = "Lab5", "Lab5\Lab5.vcxproj", "{ABBECD1F-1A48-4B87-9A40-E38CEDFF5AFF}"
EndProject
Project("{8BC9CEB8-8B4A-11D0-8D11-00A0C91BC942}") = "SMuravev-Lab4", "SMuravev-Lab4\SMuravev-Lab4.vcxproj", "{FB6A6D07-E938-406B-9A40-7BDA02420B1F}"
EndProject
Global
	GlobalSection(SolutionConfigurationPlatforms) = preSolution
		Debug|Any CPU = Debug|Any CPU
		Debug|x64 = Debug|x64
		Debug|x86 = Debug|x86
		Release|Any CPU = Release|Any CPU
		Release|x64 = Release|x64
		Release|x86 = Release|x86
	EndGlobalSection
	GlobalSection(ProjectConfigurationPlatforms) = postSolution
		{371300A0-A2FA-487F-8DC4-6BED85E35827}.Debug|Any CPU.ActiveCfg = Debug|Win32
		{371300A0-A2FA-487F-8DC4-6BED85E35827}.Debug|x64.ActiveCfg = Debug|x64
		{371300A0-A2FA-487F-8DC4-6BED85E35827}.Debug|x64.Build.0 = Debug|x64
		{371300A0-A2FA-487F-8DC4-6BED85E35827}.Debug|x86.ActiveCfg = Debug|Win32
		{371300A0-A2FA-487F-8DC4-6BED85E35827}.Debug|x86.Build.0 = Debug|Win32
		{371300A0-A2FA-487F-8DC4-6BED85E35827}.Release|Any CPU.ActiveCfg = Release|Win32
		{371300A0-A2FA-487F-8DC4-6BED85E35827}.Release|x64.ActiveCfg = Release|x64
		{371300A0-A2FA-487F-8DC4-6BED85E35827}.Release|x64.Build.0 = Release|x64
		{371300A0-A2FA-487F-8DC4-6BED85E35827}.Release|x86.ActiveCfg = Release|Win32
		{371300A0-A2FA-487F-8DC4-6BED85E35827}.Release|x86.Build.0 = Release|Win32
		{56481260-A51C-4603-B6FA-BE6AD32A235E}.Debug|Any CPU.ActiveCfg = Debug|Win32
		{56481260-A51C-4603-B6FA-BE6AD32A235E}.Debug|x64.ActiveCfg = Debug|x64
		{56481260-A51C-4603-B6FA-BE6AD32A235E}.Debug|x64.Build.0 = Debug|x64
		{56481260-A51C-4603-B6FA-BE6AD32A235E}.Debug|x86.ActiveCfg = Debug|Win32
		{56481260-A51C-4603-B6FA-BE6AD32A235E}.Debug|x86.Build.0 = Debug|Win32
		{56481260-A51C-4603-B6FA-BE6AD32A235E}.Release|Any CPU.ActiveCfg = Release|Win32
		{56481260-A51C-4603-B6FA-BE6AD32A235E}.Release|x64.ActiveCfg = Release|x64
		{56481260-A51C-4603-B6FA-BE6AD32A235E}.Release|x64.Build.0 = Release|x64
		{56481260-A51C-4603-B6FA-BE6AD32A235E}.Release|x86.ActiveCfg = Release|Win32
		{56481260-A51C-4603-B6FA-BE6AD32A235E}.Release|x86.Build.0 = Release|Win32
		{1296912A-3183-4422-A70A-23C61D119368}.Debug|Any CPU.ActiveCfg = Debug|Win32
		{1296912A-3183-4422-A70A-23C61D119368}.Debug|x64.ActiveCfg = Debug|x64
		{1296912A-3183-4422-A70A-23C61D119368}.Debug|x64.Build.0 = Debug|x64
		{1296912A-3183-4422-A70A-23C61D119368}.Debug|x86.ActiveCfg = Debug|Win32
		{1296912A-3183-4422-A70A-23C61D119368}.Debug|x86.Build.0 = Debug|Win32
		{1296912A-3183-4422-A70A-23C61D119368}.Release|Any CPU.ActiveCfg = Release|Win32
		{1296912A-3183-4422-A70A-23C61D119368}.Release|x64.ActiveCfg = Release|x64
		{1296912A-3183-4422-A70A-23C61D119368}.Release|x64.Build.0 = Release|x64
		{1296912A-3183-4422-A70A-23C61D119368}.Release|x86.ActiveCfg = Release|Win32
		{1296912A-3183-4422-A70A-23C61D119368}.Release|x86.Build.0 = Release|Win32
		{19101461-26B3-47AF-BF85-41B4BD36CFB7}.Debug|Any CPU.ActiveCfg = Debug|Win32
		{19101461-26B3-47AF-BF85-41B4BD36CFB7}.Debug|x64.ActiveCfg = Debug|x64
		{19101461-26B3-47AF-BF85-41B4BD36CFB7}.Debug|x64.Build.0 = Debug|x64
		{19101461-26B3-47AF-BF85-41B4BD36CFB7}.Debug|x86.ActiveCfg = Debug|Win32
		{19101461-26B3-47AF-BF85-41B4BD36CFB7}.Debug|x86.Build.0 = Debug|Win32
		{19101461-26B3-47AF-BF85-41B4BD36CFB7}.Release|Any CPU.ActiveCfg = Release|Win32
		{19101461-26B3-47AF-BF85-41B4BD36CFB7}.Release|x64.ActiveCfg = Release|x64
		{19101461-26B3-47AF-BF85-41B4BD36CFB7}.Release|x64.Build.0 = Release|x64
		{19101461-26B3-47AF-BF85-41B4BD36CFB7}.Release|x86.ActiveCfg = Release|Win32
		{19101461-26B3-47AF-BF85-41B4BD36CFB7}.Release|x86.Build.0 = Release|Win32
		{2C16613E-3DAD-40A9-A61C-787F6CDDAC33}.Debug|Any CPU.ActiveCfg = Debug|Win32
		{2C16613E-3DAD-40A9-A61C-787F6CDDAC33}.Debug|x64.ActiveCfg = Debug|x64
		{2C16613E-3DAD-40A9-A61C-787F6CDDAC33}.Debug|x64.Build.0 = Debug|x64
		{2C16613E-3DAD-40A9-A61C-787F6CDDAC33}.Debug|x86.ActiveCfg = Debug|Win32
		{2C16613E-3DAD-40A9-A61C-787F6CDDAC33}.Debug|x86.Build.0 = Debug|Win32
		{2C16613E-3DAD-40A9-A61C-787F6CDDAC33}.Release|Any CPU.ActiveCfg = Release|Win32
		{2C16613E-3DAD-40A9-A61C-787F6CDDAC33}.Release|x64.ActiveCfg = Release|x64
		{2C16613E-3DAD-40A9-A61C-787F6CDDAC33}.Release|x64.Build.0 = Release|x64
		{2C16613E-3DAD-40A9-A61C-787F6CDDAC33}.Release|x86.ActiveCfg = Release|Win32
		{2C16613E-3DAD-40A9-A61C-787F6CDDAC33}.Release|x86.Build.0 = Release|Win32
		{C976DDE3-DB13-43F7-96BB-AE3AFD684232}.Debug|Any CPU.ActiveCfg = Debug|Win32
		{C976DDE3-DB13-43F7-96BB-AE3AFD684232}.Debug|x64.ActiveCfg = Debug|x64
		{C976DDE3-DB13-43F7-96BB-AE3AFD684232}.Debug|x64.Build.0 = Debug|x64
		{C976DDE3-DB13-43F7-96BB-AE3AFD684232}.Debug|x86.ActiveCfg = Debug|Win32
		{C976DDE3-DB13-43F7-96BB-AE3AFD684232}.Debug|x86.Build.0 = Debug|Win32
		{C976DDE3-DB13-43F7-96BB-AE3AFD684232}.Release|Any CPU.ActiveCfg = Release|Win32
		{C976DDE3-DB13-43F7-96BB-AE3AFD684232}.Release|x64.ActiveCfg = Release|x64
		{C976DDE3-DB13-43F7-96BB-AE3AFD684232}.Release|x64.Build.0 = Release|x64
		{C976DDE3-DB13-43F7-96BB-AE3AFD684232}.Release|x86.ActiveCfg = Release|Win32
		{C976DDE3-DB13-43F7-96BB-AE3AFD684232}.Release|x86.Build.0 = Release|Win32
		{D93273A6-88B4-4F93-B8A7-E60C17D6CCBB}.Debug|Any CPU.ActiveCfg = Debug|Win32
		{D93273A6-88B4-4F93-B8A7-E60C17D6CCBB}.Debug|x64.ActiveCfg = Debug|x64
		{D93273A6-88B4-4F93-B8A7-E60C17D6CCBB}.Debug|x64.Build.0 = Debug|x64
		{D93273A6-88B4-4F93-B8A7-E60C17D6CCBB}.Debug|x86.ActiveCfg = Debug|Win32
		{D93273A6-88B4-4F93-B8A7-E60C17D6CCBB}.Debug|x86.Build.0 = Debug|Win32
		{D93273A6-88B4-4F93-B8A7-E60C17D6CCBB}.Release|Any CPU.ActiveCfg = Release|Win32
		{D93273A6-88B4-4F93-B8A7-E60C17D6CCBB}.Release|x64.ActiveCfg = Release|x64
		{D93273A6-88B4-4F93-B8A7-E60C17D6CCBB}.Release|x64.Build.0 = Release|x64
		{D93273A6-88B4-4F93-B8A7-E60C17D6CCBB}.Release|x86.ActiveCfg = Release|Win32
		{D93273A6-88B4-4F93-B8A7-E60C17D6CCBB}.Release|x86.Build.0 = Release|Win32
		{E3A4A7FF-4511-477B-A4D9-8EA9AF0E284D}.Debug|Any CPU.ActiveCfg = Debug|Win32
		{E3A4A7FF-4511-477B-A4D9-8EA9AF0E284D}.Debug|x64.ActiveCfg = Debug|x64
		{E3A4A7FF-4511-477B-A4D9-8EA9AF0E284D}.Debug|x64.Build.0 = Debug|x64
		{E3A4A7FF-4511-477B-A4D9-8EA9AF0E284D}.Debug|x86.ActiveCfg = Debug|Win32
		{E3A4A7FF-4511-477B-A4D9-8EA9AF0E284D}.Debug|x86.Build.0 = Debug|Win32
		{E3A4A7FF-4511-477B-A4D9-8EA9AF0E284D}.Release|Any CPU.ActiveCfg = Release|Win32
		{E3A4A7FF-4511-477B-A4D9-8EA9AF0E284D}.Release|x64.ActiveCfg = Release|x64
		{E3A4A7FF-4511-477B-A4D9-8EA9AF0E284D}.Release|x64.Build.0 = Release|x64
		{E3A4A7FF-4511-477B-A4D9-8EA9AF0E284D}.Release|x86.ActiveCfg = Release|Win32
		{E3A4A7FF-4511-477B-A4D9-8EA9AF0E284D}.Release|x86.Build.0 = Release|Win32
		{ABBECD1F-1A48-4B87-9A40-E38CEDFF5AFF}.Debug|Any CPU.ActiveCfg = Debug|Win32
		{ABBECD1F-1A48-4B87-9A40-E38CEDFF5AFF}.Debug|x64.ActiveCfg = Debug|x64
		{ABBECD1F-1A48-4B87-9A40-E38CEDFF5AFF}.Debug|x64.Build.0 = Debug|x64
		{ABBECD1F-1A48-4B87-9A40-E38CEDFF5AFF}.Debug|x86.ActiveCfg = Debug|Win32
		{ABBECD1F-1A48-4B87-9A40-E38CEDFF5AFF}.Debug|x86.Build.0 = Debug|Win32
		{ABBECD1F-1A48-4B87-9A40-E38CEDFF5AFF}.Release|Any CPU.ActiveCfg = Release|Win32
		{ABBECD1F-1A48-4B87-9A40-E38CEDFF5AFF}.Release|x64.ActiveCfg = Release|x64
		{ABBECD1F-1A48-4B87-9A40-E38CEDFF5AFF}.Release|x64.Build.0 = Release|x64
		{ABBECD1F-1A48-4B87-9A40-E38CEDFF5AFF}.Release|x86.ActiveCfg = Release|Win32
		{ABBECD1F-1A48-4B87-9A40-E38CEDFF5AFF}.Release|x86.Build.0 = Release|Win32
		{FB6A6D07-E938-406B-9A40-7BDA02420B1F}.Debug|Any CPU.ActiveCfg = Debug|Win32
		{FB6A6D07-E938-406B-9A40-7BDA02420B1F}.Debug|x64.ActiveCfg = Debug|x64
		{FB6A6D07-E938-406B-9A40-7BDA02420B1F}.Debug|x64.Build.0 = Debug|x64
		{FB6A6D07-E938-406B-9A40-7BDA02420B1F}.Debug|x86.ActiveCfg = Debug|Win32
		{FB6A6D07-E938-406B-9A40-7BDA02420B1F}.Debug|x86.Build.0 = Debug|Win32
		{FB6A6D07-E938-406B-9A40-7BDA02420B1F}.Release|Any CPU.ActiveCfg = Release|Win32
		{FB6A6D07-E938-406B-9A40-7BDA02420B1F}.Release|x64.ActiveCfg = Release|x64
		{FB6A6D07-E938-406B-9A40-7BDA02420B1F}.Release|x64.Build.0 = Release|x64
		{FB6A6D07-E938-406B-9A40-7BDA02420B1F}.Release|x86.ActiveCfg = Release|Win32
		{FB6A6D07-E938-406B-9A40-7BDA02420B1F}.Release|x86.Build.0 = Release|Win32
	EndGlobalSection
	GlobalSection(SolutionProperties) = preSolution
		HideSolutionNode = FALSE
	EndGlobalSection
EndGlobal
